
Microsoft Visual Studio Solution File, Format Version 12.00
# Visual Studio Version 17
VisualStudioVersion = 17.10.34928.147
MinimumVisualStudioVersion = 10.0.40219.1
Project("{FAE04EC0-301F-11D3-BF4B-00C04F79EFBC}") = "WebApplicationAzureAppServices", "WebApplicationAzureAppServices\WebApplicationAzureAppServices.csproj", "{97D8BA00-4A19-4DC1-B0BE-1225BEF4B3EC}"
EndProject
Global
	GlobalSection(SolutionConfigurationPlatforms) = preSolution
		Debug|Any CPU = Debug|Any CPU
		Release|Any CPU = Release|Any CPU
	EndGlobalSection
	GlobalSection(ProjectConfigurationPlatforms) = postSolution
		{97D8BA00-4A19-4DC1-B0BE-1225BEF4B3EC}.Debug|Any CPU.ActiveCfg = Debug|Any CPU
		{97D8BA00-4A19-4DC1-B0BE-1225BEF4B3EC}.Debug|Any CPU.Build.0 = Debug|Any CPU
		{97D8BA00-4A19-4DC1-B0BE-1225BEF4B3EC}.Release|Any CPU.ActiveCfg = Release|Any CPU
		{97D8BA00-4A19-4DC1-B0BE-1225BEF4B3EC}.Release|Any CPU.Build.0 = Release|Any CPU
	EndGlobalSection
	GlobalSection(SolutionProperties) = preSolution
		HideSolutionNode = FALSE
	EndGlobalSection
	GlobalSection(ExtensibilityGlobals) = postSolution
		SolutionGuid = {11260216-3358-42F4-BB7F-8ED312C0DBB9}
	EndGlobalSection
EndGlobal
